
Microsoft Visual Studio Solution File, Format Version 12.00
# Visual Studio Version 17
VisualStudioVersion = 17.13.35818.85
MinimumVisualStudioVersion = 10.0.40219.1
Project("{FAE04EC0-301F-11D3-BF4B-00C04F79EFBC}") = "Tour_Planner.Models", "Tour_Planner.Models\Tour_Planner.Models.csproj", "{91EAA46E-1D34-434B-A9D9-96AAE99C9D44}"
EndProject
Project("{FAE04EC0-301F-11D3-BF4B-00C04F79EFBC}") = "Tour_Planner", "Tour_Planner\Tour_Planner.csproj", "{A9A791A3-F774-4A31-9D37-906DABDAA2CC}"
EndProject
Project("{FAE04EC0-301F-11D3-BF4B-00C04F79EFBC}") = "Tour_Planner.Tests", "Tour_Planner.Tests\Tour_Planner.Tests.csproj", "{F60E04FC-7AEC-DB0F-88FC-65912CA2DEDD}"
EndProject
Project("{FAE04EC0-301F-11D3-BF4B-00C04F79EFBC}") = "Tour_Planner.DAL", "Tour_Planner.DAL\Tour_Planner.DAL.csproj", "{EEF8B9C7-6307-4D4D-8399-E3FF4527AD63}"
EndProject
Project("{FAE04EC0-301F-11D3-BF4B-00C04F79EFBC}") = "Tour_Planner.BLL", "Tour_Planner.BLL\Tour_Planner.BLL.csproj", "{FACD84F2-7D15-42E6-BA85-32BE182032CC}"
EndProject
Global
	GlobalSection(SolutionConfigurationPlatforms) = preSolution
		Debug|Any CPU = Debug|Any CPU
		Release|Any CPU = Release|Any CPU
	EndGlobalSection
	GlobalSection(ProjectConfigurationPlatforms) = postSolution
		{91EAA46E-1D34-434B-A9D9-96AAE99C9D44}.Debug|Any CPU.ActiveCfg = Debug|Any CPU
		{91EAA46E-1D34-434B-A9D9-96AAE99C9D44}.Debug|Any CPU.Build.0 = Debug|Any CPU
		{91EAA46E-1D34-434B-A9D9-96AAE99C9D44}.Release|Any CPU.ActiveCfg = Release|Any CPU
		{91EAA46E-1D34-434B-A9D9-96AAE99C9D44}.Release|Any CPU.Build.0 = Release|Any CPU
		{A9A791A3-F774-4A31-9D37-906DABDAA2CC}.Debug|Any CPU.ActiveCfg = Debug|Any CPU
		{A9A791A3-F774-4A31-9D37-906DABDAA2CC}.Debug|Any CPU.Build.0 = Debug|Any CPU
		{A9A791A3-F774-4A31-9D37-906DABDAA2CC}.Release|Any CPU.ActiveCfg = Release|Any CPU
		{A9A791A3-F774-4A31-9D37-906DABDAA2CC}.Release|Any CPU.Build.0 = Release|Any CPU
		{F60E04FC-7AEC-DB0F-88FC-65912CA2DEDD}.Debug|Any CPU.ActiveCfg = Debug|Any CPU
		{F60E04FC-7AEC-DB0F-88FC-65912CA2DEDD}.Debug|Any CPU.Build.0 = Debug|Any CPU
		{F60E04FC-7AEC-DB0F-88FC-65912CA2DEDD}.Release|Any CPU.ActiveCfg = Release|Any CPU
		{F60E04FC-7AEC-DB0F-88FC-65912CA2DEDD}.Release|Any CPU.Build.0 = Release|Any CPU
		{EEF8B9C7-6307-4D4D-8399-E3FF4527AD63}.Debug|Any CPU.ActiveCfg = Debug|Any CPU
		{EEF8B9C7-6307-4D4D-8399-E3FF4527AD63}.Debug|Any CPU.Build.0 = Debug|Any CPU
		{EEF8B9C7-6307-4D4D-8399-E3FF4527AD63}.Release|Any CPU.ActiveCfg = Release|Any CPU
		{EEF8B9C7-6307-4D4D-8399-E3FF4527AD63}.Release|Any CPU.Build.0 = Release|Any CPU
		{FACD84F2-7D15-42E6-BA85-32BE182032CC}.Debug|Any CPU.ActiveCfg = Debug|Any CPU
		{FACD84F2-7D15-42E6-BA85-32BE182032CC}.Debug|Any CPU.Build.0 = Debug|Any CPU
		{FACD84F2-7D15-42E6-BA85-32BE182032CC}.Release|Any CPU.ActiveCfg = Release|Any CPU
		{FACD84F2-7D15-42E6-BA85-32BE182032CC}.Release|Any CPU.Build.0 = Release|Any CPU
	EndGlobalSection
	GlobalSection(SolutionProperties) = preSolution
		HideSolutionNode = FALSE
	EndGlobalSection
	GlobalSection(ExtensibilityGlobals) = postSolution
		SolutionGuid = {53BB589D-2E35-4F1F-8600-9B4E38B157A2}
	EndGlobalSection
EndGlobal
