
Microsoft Visual Studio Solution File, Format Version 12.00
# Visual Studio Version 17
VisualStudioVersion = 17.13.35818.85 d17.13
MinimumVisualStudioVersion = 10.0.40219.1
Project("{FAE04EC0-301F-11D3-BF4B-00C04F79EFBC}") = "Tour_Planner", "Tour_Planner_Rohrweckh_Rohrweckh\Tour_Planner.csproj", "{4BF22FA1-25C5-4623-A801-BEEBD6085E6D}"
EndProject
Project("{FAE04EC0-301F-11D3-BF4B-00C04F79EFBC}") = "Tour_Planner.Tests", "Tour_Planner_Rohrweckh_Rohrweckh.Tests\Tour_Planner.Tests.csproj", "{3937F3E7-B77A-498D-B8E0-1BAE7BC9DDFC}"
EndProject
Project("{FAE04EC0-301F-11D3-BF4B-00C04F79EFBC}") = "Tour_Planner.Models", "Tour_Planner.Models\Tour_Planner.Models.csproj", "{91EAA46E-1D34-434B-A9D9-96AAE99C9D44}"
EndProject
Global
	GlobalSection(SolutionConfigurationPlatforms) = preSolution
		Debug|Any CPU = Debug|Any CPU
		Release|Any CPU = Release|Any CPU
	EndGlobalSection
	GlobalSection(ProjectConfigurationPlatforms) = postSolution
		{4BF22FA1-25C5-4623-A801-BEEBD6085E6D}.Debug|Any CPU.ActiveCfg = Debug|Any CPU
		{4BF22FA1-25C5-4623-A801-BEEBD6085E6D}.Debug|Any CPU.Build.0 = Debug|Any CPU
		{4BF22FA1-25C5-4623-A801-BEEBD6085E6D}.Release|Any CPU.ActiveCfg = Release|Any CPU
		{4BF22FA1-25C5-4623-A801-BEEBD6085E6D}.Release|Any CPU.Build.0 = Release|Any CPU
		{3937F3E7-B77A-498D-B8E0-1BAE7BC9DDFC}.Debug|Any CPU.ActiveCfg = Debug|Any CPU
		{3937F3E7-B77A-498D-B8E0-1BAE7BC9DDFC}.Debug|Any CPU.Build.0 = Debug|Any CPU
		{3937F3E7-B77A-498D-B8E0-1BAE7BC9DDFC}.Release|Any CPU.ActiveCfg = Release|Any CPU
		{3937F3E7-B77A-498D-B8E0-1BAE7BC9DDFC}.Release|Any CPU.Build.0 = Release|Any CPU
		{91EAA46E-1D34-434B-A9D9-96AAE99C9D44}.Debug|Any CPU.ActiveCfg = Debug|Any CPU
		{91EAA46E-1D34-434B-A9D9-96AAE99C9D44}.Debug|Any CPU.Build.0 = Debug|Any CPU
		{91EAA46E-1D34-434B-A9D9-96AAE99C9D44}.Release|Any CPU.ActiveCfg = Release|Any CPU
		{91EAA46E-1D34-434B-A9D9-96AAE99C9D44}.Release|Any CPU.Build.0 = Release|Any CPU
	EndGlobalSection
	GlobalSection(SolutionProperties) = preSolution
		HideSolutionNode = FALSE
	EndGlobalSection
	GlobalSection(ExtensibilityGlobals) = postSolution
		SolutionGuid = {53BB589D-2E35-4F1F-8600-9B4E38B157A2}
	EndGlobalSection
EndGlobal
